
Microsoft Visual Studio Solution File, Format Version 12.00
# Visual Studio Version 16
VisualStudioVersion = 16.0.30907.101
MinimumVisualStudioVersion = 10.0.40219.1
Project("{FAE04EC0-301F-11D3-BF4B-00C04F79EFBC}") = "ContosoTeamStats", "ContosoTeamStats\ContosoTeamStats.csproj", "{A6B39457-BD51-4429-A355-AFA0E17C74A6}"
EndProject
Global
	GlobalSection(SolutionConfigurationPlatforms) = preSolution
		Debug|Any CPU = Debug|Any CPU
		Release|Any CPU = Release|Any CPU
	EndGlobalSection
	GlobalSection(ProjectConfigurationPlatforms) = postSolution
		{A6B39457-BD51-4429-A355-AFA0E17C74A6}.Debug|Any CPU.ActiveCfg = Debug|Any CPU
		{A6B39457-BD51-4429-A355-AFA0E17C74A6}.Debug|Any CPU.Build.0 = Debug|Any CPU
		{A6B39457-BD51-4429-A355-AFA0E17C74A6}.Release|Any CPU.ActiveCfg = Release|Any CPU
		{A6B39457-BD51-4429-A355-AFA0E17C74A6}.Release|Any CPU.Build.0 = Release|Any CPU
	EndGlobalSection
	GlobalSection(SolutionProperties) = preSolution
		HideSolutionNode = FALSE
	EndGlobalSection
	GlobalSection(ExtensibilityGlobals) = postSolution
		SolutionGuid = {512AB3E2-5C60-4308-ADBB-1F6E834107A0}
	EndGlobalSection
EndGlobal
